
Microsoft Visual Studio Solution File, Format Version 12.00
# Visual Studio 2013
VisualStudioVersion = 12.0.30110.0
MinimumVisualStudioVersion = 10.0.40219.1
Project("{FAE04EC0-301F-11D3-BF4B-00C04F79EFBC}") = "Atmega.Asm", "Atmega.Asm\Atmega.Asm.csproj", "{93B689CE-8AB5-496D-AEBF-23C88BE1C212}"
EndProject
Project("{FAE04EC0-301F-11D3-BF4B-00C04F79EFBC}") = "Atmega.Asm.Tests", "Atmega.Asm.Tests\Atmega.Asm.Tests.csproj", "{374B2480-436F-423A-92C1-E2E0F21D6DC2}"
EndProject
Project("{2150E333-8FDC-42A3-9474-1A3956D46DE8}") = "artifacts", "artifacts", "{478F1F1C-402E-4AB4-8313-BF46553D3A5D}"
EndProject
Project("{2150E333-8FDC-42A3-9474-1A3956D46DE8}") = "include", "include", "{266847E6-603E-4AFC-B2E2-A58E2BDBF1F3}"
	ProjectSection(SolutionItems) = preProject
		Artifacts\include\atmega8.inc = Artifacts\include\atmega8.inc
		Artifacts\include\eeprom.inc = Artifacts\include\eeprom.inc
		Artifacts\include\ports.inc = Artifacts\include\ports.inc
	EndProjectSection
EndProject
Global
	GlobalSection(SolutionConfigurationPlatforms) = preSolution
		Debug|Any CPU = Debug|Any CPU
		Release|Any CPU = Release|Any CPU
	EndGlobalSection
	GlobalSection(ProjectConfigurationPlatforms) = postSolution
		{93B689CE-8AB5-496D-AEBF-23C88BE1C212}.Debug|Any CPU.ActiveCfg = Debug|Any CPU
		{93B689CE-8AB5-496D-AEBF-23C88BE1C212}.Debug|Any CPU.Build.0 = Debug|Any CPU
		{93B689CE-8AB5-496D-AEBF-23C88BE1C212}.Release|Any CPU.ActiveCfg = Release|Any CPU
		{93B689CE-8AB5-496D-AEBF-23C88BE1C212}.Release|Any CPU.Build.0 = Release|Any CPU
		{374B2480-436F-423A-92C1-E2E0F21D6DC2}.Debug|Any CPU.ActiveCfg = Debug|Any CPU
		{374B2480-436F-423A-92C1-E2E0F21D6DC2}.Debug|Any CPU.Build.0 = Debug|Any CPU
		{374B2480-436F-423A-92C1-E2E0F21D6DC2}.Release|Any CPU.ActiveCfg = Release|Any CPU
		{374B2480-436F-423A-92C1-E2E0F21D6DC2}.Release|Any CPU.Build.0 = Release|Any CPU
	EndGlobalSection
	GlobalSection(SolutionProperties) = preSolution
		HideSolutionNode = FALSE
	EndGlobalSection
	GlobalSection(NestedProjects) = preSolution
		{266847E6-603E-4AFC-B2E2-A58E2BDBF1F3} = {478F1F1C-402E-4AB4-8313-BF46553D3A5D}
	EndGlobalSection
EndGlobal
